<?xml version="1.0" encoding="UTF-8"?>
<CONFIG>
  <ProjectOptions>
    <Version Value="12"/>
    <PathDelim Value="\"/>
    <General>
      <Flags>
        <LRSInOutputDirectory Value="False"/>
        <CompatibilityMode Value="True"/>
      </Flags>
    </General>
    <VersionInfo>
      <Language Value=""/>
      <CharSet Value=""/>
    </VersionInfo>
    <BuildModes Count="1">
      <Item1 Name="default" Default="True"/>
    </BuildModes>
    <PublishOptions>
      <Version Value="2"/>
    </PublishOptions>
    <RunParams>
      <local>
        <CommandLineParams Value="-nosourcelines reent_reentera_hypercube.cpp reent1.cpp"/>
        <LaunchingApplication PathPlusParams="/usr/X11R6/bin/xterm -T &apos;Lazarus Run Output&apos; -e $(LazarusDir)/tools/runwait.sh $(TargetCmdLine)"/>
      </local>
      <FormatVersion Value="2"/>
      <Modes Count="1">
        <Mode0 Name="default">
          <local>
            <CommandLineParams Value="-nosourcelines reent_reentera_hypercube.cpp reent1.cpp"/>
            <LaunchingApplication PathPlusParams="/usr/X11R6/bin/xterm -T &apos;Lazarus Run Output&apos; -e $(LazarusDir)/tools/runwait.sh $(TargetCmdLine)"/>
          </local>
        </Mode0>
      </Modes>
    </RunParams>
    <Units Count="22">
      <Unit0>
        <Filename Value="Reenterable.lpr"/>
        <IsPartOfProject Value="True"/>
        <IsVisibleTab Value="True"/>
        <WindowIndex Value="1"/>
        <TopLine Value="1564"/>
        <CursorPos X="66" Y="1590"/>
        <UsageCount Value="201"/>
        <Loaded Value="True"/>
      </Unit0>
      <Unit1>
        <Filename Value="LEXIQUE.PAS"/>
        <IsPartOfProject Value="True"/>
        <UnitName Value="Lexique"/>
        <EditorIndex Value="12"/>
        <WindowIndex Value="1"/>
        <TopLine Value="637"/>
        <CursorPos Y="654"/>
        <UsageCount Value="201"/>
        <Loaded Value="True"/>
      </Unit1>
      <Unit2>
        <Filename Value="EVALUAT.PAS"/>
        <IsPartOfProject Value="True"/>
        <UnitName Value="Evaluat"/>
        <EditorIndex Value="11"/>
        <WindowIndex Value="1"/>
        <TopLine Value="415"/>
        <CursorPos X="6" Y="422"/>
        <UsageCount Value="201"/>
        <Loaded Value="True"/>
      </Unit2>
      <Unit3>
        <Filename Value="TS_SYNTX.PAS"/>
        <UnitName Value="Ts_syntx"/>
        <WindowIndex Value="1"/>
        <TopLine Value="30"/>
        <CursorPos X="73" Y="43"/>
        <UsageCount Value="5"/>
      </Unit3>
      <Unit4>
        <Filename Value="C:\lazarus\fpc\2.6.4\source\rtl\objpas\classes\classesh.inc"/>
        <EditorIndex Value="-1"/>
        <WindowIndex Value="1"/>
        <TopLine Value="630"/>
        <CursorPos X="14" Y="643"/>
        <UsageCount Value="3"/>
      </Unit4>
      <Unit5>
        <Filename Value="TOPO.PAS"/>
        <IsPartOfProject Value="True"/>
        <UnitName Value="Topo"/>
        <EditorIndex Value="10"/>
        <WindowIndex Value="1"/>
        <TopLine Value="1096"/>
        <CursorPos X="23" Y="1103"/>
        <UsageCount Value="200"/>
        <Loaded Value="True"/>
      </Unit5>
      <Unit6>
        <Filename Value="COMMON.PAS"/>
        <IsPartOfProject Value="True"/>
        <UnitName Value="Common"/>
        <EditorIndex Value="6"/>
        <WindowIndex Value="1"/>
        <TopLine Value="541"/>
        <CursorPos X="43" Y="552"/>
        <UsageCount Value="200"/>
        <Loaded Value="True"/>
      </Unit6>
      <Unit7>
        <Filename Value="C:\lazarus\fpc\2.6.4\source\rtl\objpas\sysutils\sysstrh.inc"/>
        <WindowIndex Value="1"/>
        <CursorPos X="11" Y="70"/>
        <UsageCount Value="3"/>
      </Unit7>
      <Unit8>
        <Filename Value="PROLOG.PAS"/>
        <IsPartOfProject Value="True"/>
        <UnitName Value="Prolog"/>
        <EditorIndex Value="9"/>
        <WindowIndex Value="1"/>
        <TopLine Value="686"/>
        <CursorPos X="32" Y="693"/>
        <UsageCount Value="200"/>
        <Loaded Value="True"/>
      </Unit8>
      <Unit9>
        <Filename Value="PREPROC.PAS"/>
        <IsPartOfProject Value="True"/>
        <UnitName Value="Preproc"/>
        <EditorIndex Value="5"/>
        <WindowIndex Value="1"/>
        <TopLine Value="18"/>
        <CursorPos X="95" Y="29"/>
        <UsageCount Value="200"/>
        <Bookmarks Count="1">
          <Item0 X="22" Y="1237" ID="1"/>
        </Bookmarks>
        <Loaded Value="True"/>
      </Unit9>
      <Unit10>
        <Filename Value="SHMEM.PAS"/>
        <EditorIndex Value="4"/>
        <WindowIndex Value="1"/>
        <CursorPos X="27"/>
        <UsageCount Value="100"/>
        <Loaded Value="True"/>
      </Unit10>
      <Unit11>
        <Filename Value="LISTS.PAS"/>
        <EditorIndex Value="3"/>
        <WindowIndex Value="1"/>
        <CursorPos X="32" Y="9"/>
        <UsageCount Value="100"/>
        <Loaded Value="True"/>
      </Unit11>
      <Unit12>
        <Filename Value="MACROS.PAS"/>
        <IsPartOfProject Value="True"/>
        <UnitName Value="Macros"/>
        <EditorIndex Value="2"/>
        <WindowIndex Value="1"/>
        <TopLine Value="51"/>
        <CursorPos X="31" Y="133"/>
        <UsageCount Value="200"/>
        <Loaded Value="True"/>
      </Unit12>
      <Unit13>
        <Filename Value="CONSTS.PAS"/>
        <IsPartOfProject Value="True"/>
        <UnitName Value="Consts"/>
        <EditorIndex Value="1"/>
        <WindowIndex Value="1"/>
        <TopLine Value="12"/>
        <CursorPos X="44" Y="23"/>
        <UsageCount Value="200"/>
        <Loaded Value="True"/>
      </Unit13>
      <Unit14>
        <Filename Value="C:\lazarus\fpc\2.6.4\source\rtl\objpas\classes\stringl.inc"/>
        <EditorIndex Value="-1"/>
        <WindowIndex Value="1"/>
        <TopLine Value="770"/>
        <CursorPos X="5" Y="772"/>
        <UsageCount Value="5"/>
      </Unit14>
      <Unit15>
        <Filename Value="..\Ecology\Droplets\Soiled\Перебор\Spline.coalesc.lpr"/>
        <EditorIndex Value="-1"/>
        <WindowIndex Value="1"/>
        <TopLine Value="293"/>
        <CursorPos X="23" Y="313"/>
        <UsageCount Value="7"/>
      </Unit15>
      <Unit16>
        <Filename Value="xpath.pas"/>
        <UnitName Value="XPath"/>
        <EditorIndex Value="7"/>
        <WindowIndex Value="1"/>
        <UsageCount Value="100"/>
        <Loaded Value="True"/>
      </Unit16>
      <Unit17>
        <Filename Value="regexpr.pas"/>
        <UnitName Value="RegExpr"/>
        <EditorIndex Value="8"/>
        <WindowIndex Value="1"/>
        <TopLine Value="1942"/>
        <CursorPos X="73" Y="1953"/>
        <UsageCount Value="100"/>
        <Bookmarks Count="1">
          <Item0 X="7" Y="1840"/>
        </Bookmarks>
        <Loaded Value="True"/>
      </Unit17>
      <Unit18>
        <Filename Value="D:\lazarus\fpc\3.0.2\source\rtl\inc\objpash.inc"/>
        <EditorIndex Value="-1"/>
        <WindowIndex Value="1"/>
        <TopLine Value="180"/>
        <CursorPos X="23" Y="193"/>
        <UsageCount Value="5"/>
      </Unit18>
      <Unit19>
        <Filename Value="D:\lazarus\fpc\3.0.2\source\rtl\win32\system.pp"/>
        <UnitName Value="System"/>
        <EditorIndex Value="-1"/>
        <WindowIndex Value="1"/>
        <CursorPos Y="16"/>
        <UsageCount Value="1"/>
      </Unit19>
      <Unit20>
        <Filename Value="Grammar\Grammar.lpr"/>
        <EditorIndex Value="-1"/>
        <WindowIndex Value="1"/>
        <TopLine Value="175"/>
        <CursorPos X="17" Y="182"/>
        <UsageCount Value="9"/>
      </Unit20>
      <Unit21>
        <Filename Value="..\Automodeling\Grammar\Grammar.lpr"/>
        <EditorIndex Value="-1"/>
        <WindowIndex Value="1"/>
        <TopLine Value="173"/>
        <CursorPos X="28" Y="187"/>
        <UsageCount Value="10"/>
      </Unit21>
    </Units>
    <JumpHistory Count="30" HistoryIndex="29">
      <Position1>
        <Filename Value="PREPROC.PAS"/>
        <Caret Line="1424" TopLine="1413"/>
      </Position1>
      <Position2>
        <Filename Value="PREPROC.PAS"/>
        <Caret Line="1432" TopLine="1415"/>
      </Position2>
      <Position3>
        <Filename Value="PREPROC.PAS"/>
        <Caret Line="1434" TopLine="1417"/>
      </Position3>
      <Position4>
        <Filename Value="regexpr.pas"/>
        <Caret Line="4029" TopLine="4019"/>
      </Position4>
      <Position5>
        <Filename Value="regexpr.pas"/>
        <Caret Line="4032" TopLine="4019"/>
      </Position5>
      <Position6>
        <Filename Value="PREPROC.PAS"/>
        <Caret Line="1435" TopLine="1418"/>
      </Position6>
      <Position7>
        <Filename Value="regexpr.pas"/>
        <Caret Line="2" Column="34"/>
      </Position7>
      <Position8>
        <Filename Value="PREPROC.PAS"/>
        <Caret Line="1469" TopLine="1459"/>
      </Position8>
      <Position9>
        <Filename Value="PREPROC.PAS"/>
      </Position9>
      <Position10>
        <Filename Value="PREPROC.PAS"/>
        <Caret Line="939" Column="106" TopLine="923"/>
      </Position10>
      <Position11>
        <Filename Value="PREPROC.PAS"/>
        <Caret Line="825" TopLine="825"/>
      </Position11>
      <Position12>
        <Filename Value="Reenterable.lpr"/>
        <Caret Line="1389" TopLine="1381"/>
      </Position12>
      <Position13>
        <Filename Value="Reenterable.lpr"/>
        <Caret Line="321" Column="15" TopLine="312"/>
      </Position13>
      <Position14>
        <Filename Value="Reenterable.lpr"/>
        <Caret Line="865" Column="37" TopLine="847"/>
      </Position14>
      <Position15>
        <Filename Value="Reenterable.lpr"/>
        <Caret Line="899" Column="29" TopLine="882"/>
      </Position15>
      <Position16>
        <Filename Value="Reenterable.lpr"/>
        <Caret Line="901" Column="47" TopLine="884"/>
      </Position16>
      <Position17>
        <Filename Value="Reenterable.lpr"/>
        <Caret Line="902" Column="24" TopLine="885"/>
      </Position17>
      <Position18>
        <Filename Value="Reenterable.lpr"/>
        <Caret Line="1004" Column="54" TopLine="987"/>
      </Position18>
      <Position19>
        <Filename Value="Reenterable.lpr"/>
        <Caret Line="1347" Column="14" TopLine="1329"/>
      </Position19>
      <Position20>
        <Filename Value="Reenterable.lpr"/>
        <Caret Line="1371" Column="16" TopLine="1350"/>
      </Position20>
      <Position21>
        <Filename Value="Reenterable.lpr"/>
        <Caret Line="1505" Column="19" TopLine="1502"/>
      </Position21>
      <Position22>
        <Filename Value="COMMON.PAS"/>
        <Caret Line="102" Column="55" TopLine="90"/>
      </Position22>
      <Position23>
        <Filename Value="COMMON.PAS"/>
        <Caret Line="552" Column="43" TopLine="541"/>
      </Position23>
      <Position24>
        <Filename Value="PREPROC.PAS"/>
        <Caret Line="292" Column="45" TopLine="285"/>
      </Position24>
      <Position25>
        <Filename Value="PREPROC.PAS"/>
        <Caret Line="298" Column="43" TopLine="281"/>
      </Position25>
      <Position26>
        <Filename Value="PREPROC.PAS"/>
        <Caret Line="377" Column="43" TopLine="361"/>
      </Position26>
      <Position27>
        <Filename Value="PREPROC.PAS"/>
        <Caret Line="399" Column="43" TopLine="381"/>
      </Position27>
      <Position28>
        <Filename Value="PREPROC.PAS"/>
        <Caret Line="794" Column="95" TopLine="785"/>
      </Position28>
      <Position29>
        <Filename Value="PREPROC.PAS"/>
        <Caret Line="29" Column="95" TopLine="18"/>
      </Position29>
      <Position30>
        <Filename Value="Reenterable.lpr"/>
        <Caret Line="1535" Column="82" TopLine="1524"/>
      </Position30>
    </JumpHistory>
  </ProjectOptions>
  <CompilerOptions>
    <Version Value="11"/>
    <PathDelim Value="\"/>
  </CompilerOptions>
  <Debugging>
    <Watches Count="4">
      <Item1>
        <Expression Value="HayStack[M]"/>
      </Item1>
      <Item2>
        <Expression Value="HayStack[G]"/>
      </Item2>
      <Item3>
        <Expression Value="S"/>
      </Item3>
      <Item4>
        <Expression Value="ID"/>
      </Item4>
    </Watches>
  </Debugging>
</CONFIG>
