<?xml version="1.0" encoding="UTF-8"?>
<CONFIG>
  <ProjectOptions>
    <Version Value="10"/>
    <PathDelim Value="\"/>
    <General>
      <Flags>
        <LRSInOutputDirectory Value="False"/>
      </Flags>
      <MainUnit Value="0"/>
    </General>
    <VersionInfo>
      <Language Value=""/>
      <CharSet Value=""/>
      <StringTable ProductVersion=""/>
    </VersionInfo>
    <BuildModes Count="1">
      <Item1 Name="default" Default="True"/>
    </BuildModes>
    <PublishOptions>
      <Version Value="2"/>
      <IgnoreBinaries Value="False"/>
      <IncludeFileFilter Value="*.(pas|pp|inc|lfm|lpr|lrs|lpi|lpk|sh|xml)"/>
      <ExcludeFileFilter Value="*.(bak|ppu|ppw|o|so);*~;backup"/>
    </PublishOptions>
    <RunParams>
      <local>
        <FormatVersion Value="1"/>
        <CommandLineParams Value="reent_atomic.c reent1.cpp"/>
        <LaunchingApplication PathPlusParams="/usr/X11R6/bin/xterm -T 'Lazarus Run Output' -e $(LazarusDir)/tools/runwait.sh $(TargetCmdLine)"/>
      </local>
    </RunParams>
    <Units Count="21">
      <Unit0>
        <Filename Value="Reenterable.lpr"/>
        <IsPartOfProject Value="True"/>
        <IsVisibleTab Value="True"/>
        <WindowIndex Value="1"/>
        <TopLine Value="1434"/>
        <CursorPos X="17" Y="1447"/>
        <UsageCount Value="201"/>
        <Bookmarks Count="1">
          <Item0 Y="1196" ID="1"/>
        </Bookmarks>
        <Loaded Value="True"/>
      </Unit0>
      <Unit1>
        <Filename Value="LEXIQUE.PAS"/>
        <IsPartOfProject Value="True"/>
        <UnitName Value="Lexique"/>
        <EditorIndex Value="12"/>
        <WindowIndex Value="1"/>
        <TopLine Value="315"/>
        <CursorPos X="6" Y="317"/>
        <UsageCount Value="201"/>
        <Loaded Value="True"/>
      </Unit1>
      <Unit2>
        <Filename Value="EVALUAT.PAS"/>
        <IsPartOfProject Value="True"/>
        <UnitName Value="Evaluat"/>
        <EditorIndex Value="11"/>
        <WindowIndex Value="1"/>
        <TopLine Value="415"/>
        <CursorPos X="6" Y="422"/>
        <UsageCount Value="201"/>
        <Loaded Value="True"/>
      </Unit2>
      <Unit3>
        <Filename Value="TS_SYNTX.PAS"/>
        <UnitName Value="Ts_syntx"/>
        <WindowIndex Value="1"/>
        <TopLine Value="30"/>
        <CursorPos X="73" Y="43"/>
        <UsageCount Value="9"/>
      </Unit3>
      <Unit4>
        <Filename Value="C:\lazarus\fpc\2.6.4\source\rtl\objpas\classes\classesh.inc"/>
        <EditorIndex Value="-1"/>
        <WindowIndex Value="1"/>
        <TopLine Value="630"/>
        <CursorPos X="14" Y="643"/>
        <UsageCount Value="7"/>
      </Unit4>
      <Unit5>
        <Filename Value="TOPO.PAS"/>
        <IsPartOfProject Value="True"/>
        <UnitName Value="Topo"/>
        <EditorIndex Value="10"/>
        <WindowIndex Value="1"/>
        <CursorPos X="15"/>
        <UsageCount Value="186"/>
        <Loaded Value="True"/>
      </Unit5>
      <Unit6>
        <Filename Value="COMMON.PAS"/>
        <IsPartOfProject Value="True"/>
        <UnitName Value="Common"/>
        <EditorIndex Value="7"/>
        <WindowIndex Value="1"/>
        <TopLine Value="365"/>
        <CursorPos X="18" Y="374"/>
        <UsageCount Value="186"/>
        <Loaded Value="True"/>
      </Unit6>
      <Unit7>
        <Filename Value="C:\lazarus\fpc\2.6.4\source\rtl\objpas\sysutils\sysstrh.inc"/>
        <WindowIndex Value="1"/>
        <CursorPos X="11" Y="70"/>
        <UsageCount Value="7"/>
      </Unit7>
      <Unit8>
        <Filename Value="PROLOG.PAS"/>
        <IsPartOfProject Value="True"/>
        <UnitName Value="Prolog"/>
        <EditorIndex Value="9"/>
        <WindowIndex Value="1"/>
        <TopLine Value="452"/>
        <CursorPos X="54" Y="477"/>
        <UsageCount Value="186"/>
        <Loaded Value="True"/>
      </Unit8>
      <Unit9>
        <Filename Value="PREPROC.PAS"/>
        <IsPartOfProject Value="True"/>
        <UnitName Value="Preproc"/>
        <EditorIndex Value="5"/>
        <WindowIndex Value="1"/>
        <TopLine Value="427"/>
        <CursorPos X="89" Y="435"/>
        <UsageCount Value="200"/>
        <Bookmarks Count="1">
          <Item0 X="37" Y="1188"/>
        </Bookmarks>
        <Loaded Value="True"/>
      </Unit9>
      <Unit10>
        <Filename Value="SHMEM.PAS"/>
        <EditorIndex Value="4"/>
        <WindowIndex Value="1"/>
        <TopLine Value="3360"/>
        <CursorPos X="27"/>
        <UsageCount Value="95"/>
        <Loaded Value="True"/>
      </Unit10>
      <Unit11>
        <Filename Value="LISTS.PAS"/>
        <EditorIndex Value="3"/>
        <WindowIndex Value="1"/>
        <CursorPos X="32" Y="9"/>
        <UsageCount Value="92"/>
        <Loaded Value="True"/>
      </Unit11>
      <Unit12>
        <Filename Value="MACROSES.PAS"/>
        <IsPartOfProject Value="True"/>
        <UnitName Value="Macroses"/>
        <EditorIndex Value="2"/>
        <WindowIndex Value="1"/>
        <TopLine Value="125"/>
        <CursorPos X="31" Y="133"/>
        <UsageCount Value="186"/>
        <Loaded Value="True"/>
      </Unit12>
      <Unit13>
        <Filename Value="CONSTS.PAS"/>
        <IsPartOfProject Value="True"/>
        <UnitName Value="Consts"/>
        <EditorIndex Value="1"/>
        <WindowIndex Value="1"/>
        <CursorPos X="29" Y="17"/>
        <UsageCount Value="186"/>
        <Loaded Value="True"/>
      </Unit13>
      <Unit14>
        <Filename Value="C:\lazarus\fpc\2.6.4\source\rtl\objpas\classes\stringl.inc"/>
        <EditorIndex Value="-1"/>
        <WindowIndex Value="1"/>
        <TopLine Value="770"/>
        <CursorPos X="5" Y="772"/>
        <UsageCount Value="9"/>
      </Unit14>
      <Unit15>
        <Filename Value="..\Ecology\Droplets\Soiled\Перебор\Spline.coalesc.lpr"/>
        <EditorIndex Value="-1"/>
        <WindowIndex Value="1"/>
        <TopLine Value="293"/>
        <CursorPos X="23" Y="313"/>
        <UsageCount Value="1"/>
      </Unit15>
      <Unit16>
        <Filename Value="xpath.pas"/>
        <UnitName Value="XPath"/>
        <EditorIndex Value="6"/>
        <WindowIndex Value="1"/>
        <TopLine Value="490"/>
        <CursorPos X="3" Y="497"/>
        <UsageCount Value="72"/>
        <Loaded Value="True"/>
      </Unit16>
      <Unit17>
        <Filename Value="regexpr.pas"/>
        <UnitName Value="RegExpr"/>
        <EditorIndex Value="8"/>
        <WindowIndex Value="1"/>
        <TopLine Value="206"/>
        <CursorPos X="2" Y="219"/>
        <UsageCount Value="72"/>
        <Loaded Value="True"/>
      </Unit17>
      <Unit18>
        <Filename Value="D:\lazarus\fpc\3.0.2\source\rtl\inc\objpash.inc"/>
        <EditorIndex Value="-1"/>
        <WindowIndex Value="1"/>
        <TopLine Value="180"/>
        <CursorPos X="23" Y="193"/>
        <UsageCount Value="9"/>
      </Unit18>
      <Unit19>
        <Filename Value="D:\lazarus\fpc\3.0.2\source\rtl\inc\objpas.inc"/>
        <EditorIndex Value="-1"/>
        <WindowIndex Value="1"/>
        <TopLine Value="279"/>
        <CursorPos X="9" Y="281"/>
        <UsageCount Value="4"/>
      </Unit19>
      <Unit20>
        <Filename Value="D:\lazarus\fpc\3.0.2\source\rtl\win32\system.pp"/>
        <UnitName Value="System"/>
        <EditorIndex Value="-1"/>
        <WindowIndex Value="1"/>
        <CursorPos Y="16"/>
        <UsageCount Value="5"/>
      </Unit20>
    </Units>
    <JumpHistory Count="30" HistoryIndex="29">
      <Position1>
        <Filename Value="PREPROC.PAS"/>
        <Caret Line="435" TopLine="446"/>
      </Position1>
      <Position2>
        <Filename Value="Reenterable.lpr"/>
        <Caret Line="1519" TopLine="1513"/>
      </Position2>
      <Position3>
        <Filename Value="Reenterable.lpr"/>
        <Caret Line="1521" TopLine="1513"/>
      </Position3>
      <Position4>
        <Filename Value="Reenterable.lpr"/>
        <Caret Line="1522" TopLine="1513"/>
      </Position4>
      <Position5>
        <Filename Value="Reenterable.lpr"/>
        <Caret Line="1523" TopLine="1513"/>
      </Position5>
      <Position6>
        <Filename Value="Reenterable.lpr"/>
        <Caret Line="1525" TopLine="1513"/>
      </Position6>
      <Position7>
        <Filename Value="Reenterable.lpr"/>
        <Caret Line="1388" TopLine="1379"/>
      </Position7>
      <Position8>
        <Filename Value="Reenterable.lpr"/>
        <Caret Line="1390" TopLine="1385"/>
      </Position8>
      <Position9>
        <Filename Value="Reenterable.lpr"/>
        <Caret Line="1391" TopLine="1385"/>
      </Position9>
      <Position10>
        <Filename Value="Reenterable.lpr"/>
        <Caret Line="1392" TopLine="1385"/>
      </Position10>
      <Position11>
        <Filename Value="Reenterable.lpr"/>
        <Caret Line="1397" TopLine="1385"/>
      </Position11>
      <Position12>
        <Filename Value="Reenterable.lpr"/>
        <Caret Line="1399" TopLine="1385"/>
      </Position12>
      <Position13>
        <Filename Value="Reenterable.lpr"/>
        <Caret Line="1400" TopLine="1385"/>
      </Position13>
      <Position14>
        <Filename Value="Reenterable.lpr"/>
        <Caret Line="1401" TopLine="1386"/>
      </Position14>
      <Position15>
        <Filename Value="Reenterable.lpr"/>
        <Caret Line="1403" TopLine="1388"/>
      </Position15>
      <Position16>
        <Filename Value="Reenterable.lpr"/>
        <Caret Line="1404" TopLine="1398"/>
      </Position16>
      <Position17>
        <Filename Value="Reenterable.lpr"/>
        <Caret Line="1405" TopLine="1398"/>
      </Position17>
      <Position18>
        <Filename Value="PREPROC.PAS"/>
        <Caret Line="434" TopLine="427"/>
      </Position18>
      <Position19>
        <Filename Value="PREPROC.PAS"/>
        <Caret Line="435" TopLine="424"/>
      </Position19>
      <Position20>
        <Filename Value="PREPROC.PAS"/>
        <Caret Line="436" TopLine="424"/>
      </Position20>
      <Position21>
        <Filename Value="PREPROC.PAS"/>
        <Caret Line="437" TopLine="424"/>
      </Position21>
      <Position22>
        <Filename Value="PREPROC.PAS"/>
        <Caret Line="439" TopLine="425"/>
      </Position22>
      <Position23>
        <Filename Value="PREPROC.PAS"/>
        <Caret Line="440" TopLine="426"/>
      </Position23>
      <Position24>
        <Filename Value="PREPROC.PAS"/>
        <Caret Line="445" TopLine="437"/>
      </Position24>
      <Position25>
        <Filename Value="PREPROC.PAS"/>
        <Caret Line="446" TopLine="437"/>
      </Position25>
      <Position26>
        <Filename Value="PREPROC.PAS"/>
        <Caret Line="453" TopLine="439"/>
      </Position26>
      <Position27>
        <Filename Value="PREPROC.PAS"/>
        <Caret Line="454" TopLine="440"/>
      </Position27>
      <Position28>
        <Filename Value="PREPROC.PAS"/>
        <Caret Line="455" TopLine="441"/>
      </Position28>
      <Position29>
        <Filename Value="PREPROC.PAS"/>
        <Caret Line="456" TopLine="442"/>
      </Position29>
      <Position30>
        <Filename Value="PREPROC.PAS"/>
        <Caret Line="690" TopLine="427"/>
      </Position30>
    </JumpHistory>
  </ProjectOptions>
  <CompilerOptions>
    <Version Value="11"/>
    <PathDelim Value="\"/>
  </CompilerOptions>
  <Debugging>
    <BreakPoints Count="2">
      <Item1>
        <Kind Value="bpkSource"/>
        <WatchScope Value="wpsLocal"/>
        <WatchKind Value="wpkWrite"/>
        <Source Value="Reenterable.lpr"/>
        <Line Value="1525"/>
      </Item1>
      <Item2>
        <Kind Value="bpkSource"/>
        <WatchScope Value="wpsLocal"/>
        <WatchKind Value="wpkWrite"/>
        <Source Value="PREPROC.PAS"/>
        <Line Value="435"/>
      </Item2>
    </BreakPoints>
    <Watches Count="4">
      <Item1>
        <Expression Value="HayStack[M]"/>
      </Item1>
      <Item2>
        <Expression Value="HayStack[G]"/>
      </Item2>
      <Item3>
        <Expression Value="S"/>
      </Item3>
      <Item4>
        <Expression Value="ID"/>
      </Item4>
    </Watches>
  </Debugging>
</CONFIG>
